
Microsoft Visual Studio Solution File, Format Version 12.00
# Visual Studio Version 17
VisualStudioVersion = 17.13.35931.197
MinimumVisualStudioVersion = 10.0.40219.1
Project("{FAE04EC0-301F-11D3-BF4B-00C04F79EFBC}") = "WindowsFormsApp1", "WindowsFormsApp1\WindowsFormsApp1.csproj", "{075CCFF2-AA3C-41D5-9CA8-0445DA82C2BE}"
EndProject
Project("{54435603-DBB4-11D2-8724-00A0C9A8B90C}") = "TestSetupProject", "TestSetupProject\TestSetupProject.vdproj", "{CADD862E-1363-F415-A2B1-392B18A9B221}"
EndProject
Global
	GlobalSection(SolutionConfigurationPlatforms) = preSolution
		Debug|Any CPU = Debug|Any CPU
		Release|Any CPU = Release|Any CPU
	EndGlobalSection
	GlobalSection(ProjectConfigurationPlatforms) = postSolution
		{075CCFF2-AA3C-41D5-9CA8-0445DA82C2BE}.Debug|Any CPU.ActiveCfg = Debug|Any CPU
		{075CCFF2-AA3C-41D5-9CA8-0445DA82C2BE}.Debug|Any CPU.Build.0 = Debug|Any CPU
		{075CCFF2-AA3C-41D5-9CA8-0445DA82C2BE}.Release|Any CPU.ActiveCfg = Release|Any CPU
		{075CCFF2-AA3C-41D5-9CA8-0445DA82C2BE}.Release|Any CPU.Build.0 = Release|Any CPU
		{CADD862E-1363-F415-A2B1-392B18A9B221}.Debug|Any CPU.ActiveCfg = Debug
		{CADD862E-1363-F415-A2B1-392B18A9B221}.Release|Any CPU.ActiveCfg = Release
	EndGlobalSection
	GlobalSection(SolutionProperties) = preSolution
		HideSolutionNode = FALSE
	EndGlobalSection
	GlobalSection(ExtensibilityGlobals) = postSolution
		SolutionGuid = {4A1D06EB-248D-4D47-BE27-DCCF880636CC}
	EndGlobalSection
EndGlobal
